{
  "version": 4,
  "terraform_version": "1.11.4",
  "serial": 20,
  "lineage": "d4060557-c79f-b504-4bd0-91038f5a4fac",
  "outputs": {
    "cluster_id": {
      "value": "kirancgwd-cluster",
      "type": "string"
    },
    "node_group_id": {
      "value": "kirancgwd-cluster:kirancgwd-node-group",
      "type": "string"
    },
    "subnet_ids": {
      "value": [
        "subnet-0a38856457675f0bf",
        "subnet-0c296659dbdcbe320"
      ],
      "type": [
        "tuple",
        [
          "string",
          "string"
        ]
      ]
    },
    "vpc_id": {
      "value": "vpc-0e8eb6097abd04d9a",
      "type": "string"
    }
  },
  "resources": [
    {
      "mode": "managed",
      "type": "aws_eks_cluster",
      "name": "kirancgwd",
      "provider": "provider[\"registry.terraform.io/hashicorp/aws\"]",
      "instances": [
        {
          "schema_version": 1,
          "attributes": {
            "access_config": [
              {
                "authentication_mode": "CONFIG_MAP",
                "bootstrap_cluster_creator_admin_permissions": true
              }
            ],
            "arn": "arn:aws:eks:ap-south-1:191080270117:cluster/kirancgwd-cluster",
            "bootstrap_self_managed_addons": true,
            "certificate_authority": [
              {
                "data": "LS0tLS1CRUdJTiBDRVJUSUZJQ0FURS0tLS0tCk1JSURCVENDQWUyZ0F3SUJBZ0lJZTI2cHV2dE5MaEl3RFFZSktvWklodmNOQVFFTEJRQXdGVEVUTUJFR0ExVUUKQXhNS2EzVmlaWEp1WlhSbGN6QWVGdzB5TlRBM01UY3hOVE0xTXpkYUZ3MHpOVEEzTVRVeE5UUXdNemRhTUJVeApFekFSQmdOVkJBTVRDbXQxWW1WeWJtVjBaWE13Z2dFaU1BMEdDU3FHU0liM0RRRUJBUVVBQTRJQkR3QXdnZ0VLCkFvSUJBUURrRXVYeVpPekY3L0g3bm9rWERrOVZHS01KZUxSZTVZSXV2RUJBVlBlNCtvZVF5Vk0yZThaRStRbjAKSWJvSzVlNytpS2grREdWVFY3MnZiazZTMkVTSlZUV3FIUnp1SldQWXNvTWZoK1hwRFFmcmd5aks2R2dPbUkveQppRE1raGJ1eFZDN3l2Q2QxUVZPajlya0JHS0xGMmlBVGtuczNIM1RtTmJmaTdtNkRBNmxkRWt1NjlkSGpNaE8yCkUvZGxYYStEWk9yckFLMm41c2NydGF0MXBmZTFpclBkdlRWZlBWN24zRDVESlRUNWRqU0ZGcUVISmFPbGRVcVMKNlk0WVZvMjZSdzFsblhyR1gvU3ZwWVFmMjVTZ3A1aWF5OVEzZ2JhbzNSbmk1d3ZBZXRoMStsYXk0NjBmQnV5aQo3Nk1XTzl3ZEx1WldFOUZvMmw0emFJak44WnBKQWdNQkFBR2pXVEJYTUE0R0ExVWREd0VCL3dRRUF3SUNwREFQCkJnTlZIUk1CQWY4RUJUQURBUUgvTUIwR0ExVWREZ1FXQkJTbERFY3JWd29NWE80NSsvbEhzc0tuNDh2alJUQVYKQmdOVkhSRUVEakFNZ2dwcmRXSmxjbTVsZEdWek1BMEdDU3FHU0liM0RRRUJDd1VBQTRJQkFRQllIZEo0RnZVKwo4RlFNYmViU1ZBa2lQUlVVeGpNQ0RUQVI1b29LeXRMYjhXMkJBVG9XMnJoRUhYRVczWmJJK0ZTYSs4bnJkdENDCkZxejlzS21jRUhLNXFqejMycmZTeTdWS3JsME93NWFITDBQRGNGVGZiVkVkS0xGQmlHYi92YTlVT1NBREdjT3kKUG5tNkVKUnorZXlEay81b2NZay9DWWJSOGhzUWxpVlVjc2xVdWtRL3dqSnIyR3NBSEVxRnVaUk5tbTBrd1hISQpRU0RLbHRkRVdGUzZ4N3NuYUNsSXFXOXA1Y2NqdmRRc1hjUkpUR3dnT1VOditSYndHYzQ5UVh4RXl5bjRZYmhJCk9lVzVDaEpNZXg1dlJWN1cwdXB0NDhBUUNPZ1h6VmRaMUh6WnBubVU0bmNkNGRMNzZ4b3dzYXhNMTVYbSsyVSsKQ0UvcnQvNkpIYVAwCi0tLS0tRU5EIENFUlRJRklDQVRFLS0tLS0K"
              }
            ],
            "cluster_id": null,
            "compute_config": [],
            "created_at": "2025-07-17T15:36:12Z",
            "enabled_cluster_log_types": [],
            "encryption_config": [],
            "endpoint": "https://1F7544FFF0B5F6DFDB039392F197C896.gr7.ap-south-1.eks.amazonaws.com",
            "force_update_version": null,
            "id": "kirancgwd-cluster",
            "identity": [
              {
                "oidc": [
                  {
                    "issuer": "https://oidc.eks.ap-south-1.amazonaws.com/id/1F7544FFF0B5F6DFDB039392F197C896"
                  }
                ]
              }
            ],
            "kubernetes_network_config": [
              {
                "elastic_load_balancing": [
                  {
                    "enabled": false
                  }
                ],
                "ip_family": "ipv4",
                "service_ipv4_cidr": "172.20.0.0/16",
                "service_ipv6_cidr": ""
              }
            ],
            "name": "kirancgwd-cluster",
            "outpost_config": [],
            "platform_version": "eks.6",
            "region": "ap-south-1",
            "remote_network_config": [],
            "role_arn": "arn:aws:iam::191080270117:role/kirancgwd-cluster-role",
            "status": "ACTIVE",
            "storage_config": [],
            "tags": {},
            "tags_all": {},
            "timeouts": null,
            "upgrade_policy": [
              {
                "support_type": "EXTENDED"
              }
            ],
            "version": "1.33",
            "vpc_config": [
              {
                "cluster_security_group_id": "sg-0b3cac7db08fd016b",
                "endpoint_private_access": false,
                "endpoint_public_access": true,
                "public_access_cidrs": [
                  "0.0.0.0/0"
                ],
                "security_group_ids": [
                  "sg-0fcdd83c8cfb2f98d"
                ],
                "subnet_ids": [
                  "subnet-0a38856457675f0bf",
                  "subnet-0c296659dbdcbe320"
                ],
                "vpc_id": "vpc-0e8eb6097abd04d9a"
              }
            ],
            "zonal_shift_config": []
          },
          "sensitive_attributes": [],
          "private": "eyJlMmJmYjczMC1lY2FhLTExZTYtOGY4OC0zNDM2M2JjN2M0YzAiOnsiY3JlYXRlIjoxODAwMDAwMDAwMDAwLCJkZWxldGUiOjkwMDAwMDAwMDAwMCwidXBkYXRlIjozNjAwMDAwMDAwMDAwfSwic2NoZW1hX3ZlcnNpb24iOiIxIn0=",
          "dependencies": [
            "aws_iam_role.kirancgwd_cluster_role",
            "aws_security_group.kirancgwd_cluster_sg",
            "aws_subnet.kirancgwd_subnet",
            "aws_vpc.kirancgwd_vpc"
          ]
        }
      ]
    },
    {
      "mode": "managed",
      "type": "aws_eks_node_group",
      "name": "kirancgwd",
      "provider": "provider[\"registry.terraform.io/hashicorp/aws\"]",
      "instances": [
        {
          "schema_version": 0,
          "attributes": {
            "ami_type": "AL2023_x86_64_STANDARD",
            "arn": "arn:aws:eks:ap-south-1:191080270117:nodegroup/kirancgwd-cluster/kirancgwd-node-group/02cc0c87-f243-c72c-910e-c1316c76354f",
            "capacity_type": "ON_DEMAND",
            "cluster_name": "kirancgwd-cluster",
            "disk_size": 20,
            "force_update_version": null,
            "id": "kirancgwd-cluster:kirancgwd-node-group",
            "instance_types": [
              "t2.micro"
            ],
            "labels": null,
            "launch_template": [],
            "node_group_name": "kirancgwd-node-group",
            "node_group_name_prefix": "",
            "node_repair_config": [],
            "node_role_arn": "arn:aws:iam::191080270117:role/kirancgwd-node-group-role",
            "region": "ap-south-1",
            "release_version": "1.33.0-20250704",
            "remote_access": [
              {
                "ec2_ssh_key": "KiranDevops",
                "source_security_group_ids": [
                  "sg-04e31ec6d45ccc8a4"
                ]
              }
            ],
            "resources": [
              {
                "autoscaling_groups": [
                  {
                    "name": "eks-kirancgwd-node-group-02cc0c87-f243-c72c-910e-c1316c76354f"
                  }
                ],
                "remote_access_security_group_id": "sg-0239aa29c0be09efd"
              }
            ],
            "scaling_config": [
              {
                "desired_size": 1,
                "max_size": 1,
                "min_size": 1
              }
            ],
            "status": "ACTIVE",
            "subnet_ids": [
              "subnet-0a38856457675f0bf",
              "subnet-0c296659dbdcbe320"
            ],
            "tags": null,
            "tags_all": {},
            "taint": [],
            "timeouts": null,
            "update_config": [
              {
                "max_unavailable": 1,
                "max_unavailable_percentage": 0
              }
            ],
            "version": "1.33"
          },
          "sensitive_attributes": [],
          "private": "eyJlMmJmYjczMC1lY2FhLTExZTYtOGY4OC0zNDM2M2JjN2M0YzAiOnsiY3JlYXRlIjozNjAwMDAwMDAwMDAwLCJkZWxldGUiOjM2MDAwMDAwMDAwMDAsInVwZGF0ZSI6MzYwMDAwMDAwMDAwMH19",
          "dependencies": [
            "aws_eks_cluster.kirancgwd",
            "aws_iam_role.kirancgwd_cluster_role",
            "aws_iam_role.kirancgwd_node_group_role",
            "aws_security_group.kirancgwd_cluster_sg",
            "aws_security_group.kirancgwd_node_sg",
            "aws_subnet.kirancgwd_subnet",
            "aws_vpc.kirancgwd_vpc"
          ]
        }
      ]
    },
    {
      "mode": "managed",
      "type": "aws_iam_role",
      "name": "kirancgwd_cluster_role",
      "provider": "provider[\"registry.terraform.io/hashicorp/aws\"]",
      "instances": [
        {
          "schema_version": 0,
          "attributes": {
            "arn": "arn:aws:iam::191080270117:role/kirancgwd-cluster-role",
            "assume_role_policy": "{\"Statement\":[{\"Action\":\"sts:AssumeRole\",\"Effect\":\"Allow\",\"Principal\":{\"Service\":\"eks.amazonaws.com\"}}],\"Version\":\"2012-10-17\"}",
            "create_date": "2025-07-17T15:35:58Z",
            "description": "",
            "force_detach_policies": false,
            "id": "kirancgwd-cluster-role",
            "inline_policy": [],
            "managed_policy_arns": [
              "arn:aws:iam::aws:policy/AmazonEKSClusterPolicy"
            ],
            "max_session_duration": 3600,
            "name": "kirancgwd-cluster-role",
            "name_prefix": "",
            "path": "/",
            "permissions_boundary": "",
            "tags": {},
            "tags_all": {},
            "unique_id": "AROASY7KFRES6D3FWG2SR"
          },
          "sensitive_attributes": [],
          "private": "bnVsbA=="
        }
      ]
    },
    {
      "mode": "managed",
      "type": "aws_iam_role",
      "name": "kirancgwd_node_group_role",
      "provider": "provider[\"registry.terraform.io/hashicorp/aws\"]",
      "instances": [
        {
          "schema_version": 0,
          "attributes": {
            "arn": "arn:aws:iam::191080270117:role/kirancgwd-node-group-role",
            "assume_role_policy": "{\"Statement\":[{\"Action\":\"sts:AssumeRole\",\"Effect\":\"Allow\",\"Principal\":{\"Service\":\"ec2.amazonaws.com\"}}],\"Version\":\"2012-10-17\"}",
            "create_date": "2025-07-17T15:35:58Z",
            "description": "",
            "force_detach_policies": false,
            "id": "kirancgwd-node-group-role",
            "inline_policy": [],
            "managed_policy_arns": [
              "arn:aws:iam::aws:policy/AmazonEC2ContainerRegistryReadOnly",
              "arn:aws:iam::aws:policy/AmazonEKSWorkerNodePolicy",
              "arn:aws:iam::aws:policy/AmazonEKS_CNI_Policy"
            ],
            "max_session_duration": 3600,
            "name": "kirancgwd-node-group-role",
            "name_prefix": "",
            "path": "/",
            "permissions_boundary": "",
            "tags": {},
            "tags_all": {},
            "unique_id": "AROASY7KFRESSA2WKBGGM"
          },
          "sensitive_attributes": [],
          "private": "bnVsbA=="
        }
      ]
    },
    {
      "mode": "managed",
      "type": "aws_iam_role_policy_attachment",
      "name": "kirancgwd_cluster_role_policy",
      "provider": "provider[\"registry.terraform.io/hashicorp/aws\"]",
      "instances": [
        {
          "schema_version": 0,
          "attributes": {
            "id": "kirancgwd-cluster-role/arn:aws:iam::aws:policy/AmazonEKSClusterPolicy",
            "policy_arn": "arn:aws:iam::aws:policy/AmazonEKSClusterPolicy",
            "role": "kirancgwd-cluster-role"
          },
          "sensitive_attributes": [],
          "private": "bnVsbA==",
          "dependencies": [
            "aws_iam_role.kirancgwd_cluster_role"
          ]
        }
      ]
    },
    {
      "mode": "managed",
      "type": "aws_iam_role_policy_attachment",
      "name": "kirancgwd_node_group_cni_policy",
      "provider": "provider[\"registry.terraform.io/hashicorp/aws\"]",
      "instances": [
        {
          "schema_version": 0,
          "attributes": {
            "id": "kirancgwd-node-group-role/arn:aws:iam::aws:policy/AmazonEKS_CNI_Policy",
            "policy_arn": "arn:aws:iam::aws:policy/AmazonEKS_CNI_Policy",
            "role": "kirancgwd-node-group-role"
          },
          "sensitive_attributes": [],
          "private": "bnVsbA==",
          "dependencies": [
            "aws_iam_role.kirancgwd_node_group_role"
          ]
        }
      ]
    },
    {
      "mode": "managed",
      "type": "aws_iam_role_policy_attachment",
      "name": "kirancgwd_node_group_registry_policy",
      "provider": "provider[\"registry.terraform.io/hashicorp/aws\"]",
      "instances": [
        {
          "schema_version": 0,
          "attributes": {
            "id": "kirancgwd-node-group-role/arn:aws:iam::aws:policy/AmazonEC2ContainerRegistryReadOnly",
            "policy_arn": "arn:aws:iam::aws:policy/AmazonEC2ContainerRegistryReadOnly",
            "role": "kirancgwd-node-group-role"
          },
          "sensitive_attributes": [],
          "private": "bnVsbA==",
          "dependencies": [
            "aws_iam_role.kirancgwd_node_group_role"
          ]
        }
      ]
    },
    {
      "mode": "managed",
      "type": "aws_iam_role_policy_attachment",
      "name": "kirancgwd_node_group_role_policy",
      "provider": "provider[\"registry.terraform.io/hashicorp/aws\"]",
      "instances": [
        {
          "schema_version": 0,
          "attributes": {
            "id": "kirancgwd-node-group-role/arn:aws:iam::aws:policy/AmazonEKSWorkerNodePolicy",
            "policy_arn": "arn:aws:iam::aws:policy/AmazonEKSWorkerNodePolicy",
            "role": "kirancgwd-node-group-role"
          },
          "sensitive_attributes": [],
          "private": "bnVsbA==",
          "dependencies": [
            "aws_iam_role.kirancgwd_node_group_role"
          ]
        }
      ]
    },
    {
      "mode": "managed",
      "type": "aws_internet_gateway",
      "name": "kirancgwd_igw",
      "provider": "provider[\"registry.terraform.io/hashicorp/aws\"]",
      "instances": [
        {
          "schema_version": 0,
          "attributes": {
            "arn": "arn:aws:ec2:ap-south-1:191080270117:internet-gateway/igw-08d7be6c792417086",
            "id": "igw-08d7be6c792417086",
            "owner_id": "191080270117",
            "region": "ap-south-1",
            "tags": {
              "Name": "kirancgwd-igw"
            },
            "tags_all": {
              "Name": "kirancgwd-igw"
            },
            "timeouts": null,
            "vpc_id": "vpc-0e8eb6097abd04d9a"
          },
          "sensitive_attributes": [],
          "private": "eyJlMmJmYjczMC1lY2FhLTExZTYtOGY4OC0zNDM2M2JjN2M0YzAiOnsiY3JlYXRlIjoxMjAwMDAwMDAwMDAwLCJkZWxldGUiOjEyMDAwMDAwMDAwMDAsInVwZGF0ZSI6MTIwMDAwMDAwMDAwMH19",
          "dependencies": [
            "aws_vpc.kirancgwd_vpc"
          ]
        }
      ]
    },
    {
      "mode": "managed",
      "type": "aws_route_table",
      "name": "kirancgwd_route_table",
      "provider": "provider[\"registry.terraform.io/hashicorp/aws\"]",
      "instances": [
        {
          "schema_version": 0,
          "attributes": {
            "arn": "arn:aws:ec2:ap-south-1:191080270117:route-table/rtb-04d99e11011851deb",
            "id": "rtb-04d99e11011851deb",
            "owner_id": "191080270117",
            "propagating_vgws": [],
            "region": "ap-south-1",
            "route": [
              {
                "carrier_gateway_id": "",
                "cidr_block": "0.0.0.0/0",
                "core_network_arn": "",
                "destination_prefix_list_id": "",
                "egress_only_gateway_id": "",
                "gateway_id": "igw-08d7be6c792417086",
                "ipv6_cidr_block": "",
                "local_gateway_id": "",
                "nat_gateway_id": "",
                "network_interface_id": "",
                "transit_gateway_id": "",
                "vpc_endpoint_id": "",
                "vpc_peering_connection_id": ""
              }
            ],
            "tags": {
              "Name": "kirancgwd-route-table"
            },
            "tags_all": {
              "Name": "kirancgwd-route-table"
            },
            "timeouts": null,
            "vpc_id": "vpc-0e8eb6097abd04d9a"
          },
          "sensitive_attributes": [],
          "private": "eyJlMmJmYjczMC1lY2FhLTExZTYtOGY4OC0zNDM2M2JjN2M0YzAiOnsiY3JlYXRlIjozMDAwMDAwMDAwMDAsImRlbGV0ZSI6MzAwMDAwMDAwMDAwLCJ1cGRhdGUiOjEyMDAwMDAwMDAwMH19",
          "dependencies": [
            "aws_internet_gateway.kirancgwd_igw",
            "aws_vpc.kirancgwd_vpc"
          ]
        }
      ]
    },
    {
      "mode": "managed",
      "type": "aws_route_table_association",
      "name": "a",
      "provider": "provider[\"registry.terraform.io/hashicorp/aws\"]",
      "instances": [
        {
          "index_key": 0,
          "schema_version": 0,
          "attributes": {
            "gateway_id": "",
            "id": "rtbassoc-07518d9ed4a81720f",
            "region": "ap-south-1",
            "route_table_id": "rtb-04d99e11011851deb",
            "subnet_id": "subnet-0a38856457675f0bf",
            "timeouts": null
          },
          "sensitive_attributes": [],
          "private": "eyJlMmJmYjczMC1lY2FhLTExZTYtOGY4OC0zNDM2M2JjN2M0YzAiOnsiY3JlYXRlIjozMDAwMDAwMDAwMDAsImRlbGV0ZSI6MzAwMDAwMDAwMDAwLCJ1cGRhdGUiOjEyMDAwMDAwMDAwMH19",
          "dependencies": [
            "aws_internet_gateway.kirancgwd_igw",
            "aws_route_table.kirancgwd_route_table",
            "aws_subnet.kirancgwd_subnet",
            "aws_vpc.kirancgwd_vpc"
          ]
        },
        {
          "index_key": 1,
          "schema_version": 0,
          "attributes": {
            "gateway_id": "",
            "id": "rtbassoc-044ce665c5a6e1cf5",
            "region": "ap-south-1",
            "route_table_id": "rtb-04d99e11011851deb",
            "subnet_id": "subnet-0c296659dbdcbe320",
            "timeouts": null
          },
          "sensitive_attributes": [],
          "private": "eyJlMmJmYjczMC1lY2FhLTExZTYtOGY4OC0zNDM2M2JjN2M0YzAiOnsiY3JlYXRlIjozMDAwMDAwMDAwMDAsImRlbGV0ZSI6MzAwMDAwMDAwMDAwLCJ1cGRhdGUiOjEyMDAwMDAwMDAwMH19",
          "dependencies": [
            "aws_internet_gateway.kirancgwd_igw",
            "aws_route_table.kirancgwd_route_table",
            "aws_subnet.kirancgwd_subnet",
            "aws_vpc.kirancgwd_vpc"
          ]
        }
      ]
    },
    {
      "mode": "managed",
      "type": "aws_security_group",
      "name": "kirancgwd_cluster_sg",
      "provider": "provider[\"registry.terraform.io/hashicorp/aws\"]",
      "instances": [
        {
          "schema_version": 1,
          "attributes": {
            "arn": "arn:aws:ec2:ap-south-1:191080270117:security-group/sg-0fcdd83c8cfb2f98d",
            "description": "Managed by Terraform",
            "egress": [
              {
                "cidr_blocks": [
                  "0.0.0.0/0"
                ],
                "description": "",
                "from_port": 0,
                "ipv6_cidr_blocks": [],
                "prefix_list_ids": [],
                "protocol": "-1",
                "security_groups": [],
                "self": false,
                "to_port": 0
              }
            ],
            "id": "sg-0fcdd83c8cfb2f98d",
            "ingress": [],
            "name": "terraform-20250717153605554200000002",
            "name_prefix": "terraform-",
            "owner_id": "191080270117",
            "region": "ap-south-1",
            "revoke_rules_on_delete": false,
            "tags": {
              "Name": "kirancgwd-cluster-sg"
            },
            "tags_all": {
              "Name": "kirancgwd-cluster-sg"
            },
            "timeouts": null,
            "vpc_id": "vpc-0e8eb6097abd04d9a"
          },
          "sensitive_attributes": [],
          "private": "eyJlMmJmYjczMC1lY2FhLTExZTYtOGY4OC0zNDM2M2JjN2M0YzAiOnsiY3JlYXRlIjo2MDAwMDAwMDAwMDAsImRlbGV0ZSI6OTAwMDAwMDAwMDAwfSwic2NoZW1hX3ZlcnNpb24iOiIxIn0=",
          "dependencies": [
            "aws_vpc.kirancgwd_vpc"
          ]
        }
      ]
    },
    {
      "mode": "managed",
      "type": "aws_security_group",
      "name": "kirancgwd_node_sg",
      "provider": "provider[\"registry.terraform.io/hashicorp/aws\"]",
      "instances": [
        {
          "schema_version": 1,
          "attributes": {
            "arn": "arn:aws:ec2:ap-south-1:191080270117:security-group/sg-04e31ec6d45ccc8a4",
            "description": "Managed by Terraform",
            "egress": [
              {
                "cidr_blocks": [
                  "0.0.0.0/0"
                ],
                "description": "",
                "from_port": 0,
                "ipv6_cidr_blocks": [],
                "prefix_list_ids": [],
                "protocol": "-1",
                "security_groups": [],
                "self": false,
                "to_port": 0
              }
            ],
            "id": "sg-04e31ec6d45ccc8a4",
            "ingress": [
              {
                "cidr_blocks": [
                  "0.0.0.0/0"
                ],
                "description": "",
                "from_port": 0,
                "ipv6_cidr_blocks": [],
                "prefix_list_ids": [],
                "protocol": "-1",
                "security_groups": [],
                "self": false,
                "to_port": 0
              }
            ],
            "name": "terraform-20250717153605554200000001",
            "name_prefix": "terraform-",
            "owner_id": "191080270117",
            "region": "ap-south-1",
            "revoke_rules_on_delete": false,
            "tags": {
              "Name": "kirancgwd-node-sg"
            },
            "tags_all": {
              "Name": "kirancgwd-node-sg"
            },
            "timeouts": null,
            "vpc_id": "vpc-0e8eb6097abd04d9a"
          },
          "sensitive_attributes": [],
          "private": "eyJlMmJmYjczMC1lY2FhLTExZTYtOGY4OC0zNDM2M2JjN2M0YzAiOnsiY3JlYXRlIjo2MDAwMDAwMDAwMDAsImRlbGV0ZSI6OTAwMDAwMDAwMDAwfSwic2NoZW1hX3ZlcnNpb24iOiIxIn0=",
          "dependencies": [
            "aws_vpc.kirancgwd_vpc"
          ]
        }
      ]
    },
    {
      "mode": "managed",
      "type": "aws_subnet",
      "name": "kirancgwd_subnet",
      "provider": "provider[\"registry.terraform.io/hashicorp/aws\"]",
      "instances": [
        {
          "index_key": 0,
          "schema_version": 1,
          "attributes": {
            "arn": "arn:aws:ec2:ap-south-1:191080270117:subnet/subnet-0a38856457675f0bf",
            "assign_ipv6_address_on_creation": false,
            "availability_zone": "ap-south-1a",
            "availability_zone_id": "aps1-az1",
            "cidr_block": "10.0.0.0/24",
            "customer_owned_ipv4_pool": "",
            "enable_dns64": false,
            "enable_lni_at_device_index": 0,
            "enable_resource_name_dns_a_record_on_launch": false,
            "enable_resource_name_dns_aaaa_record_on_launch": false,
            "id": "subnet-0a38856457675f0bf",
            "ipv6_cidr_block": "",
            "ipv6_cidr_block_association_id": "",
            "ipv6_native": false,
            "map_customer_owned_ip_on_launch": false,
            "map_public_ip_on_launch": true,
            "outpost_arn": "",
            "owner_id": "191080270117",
            "private_dns_hostname_type_on_launch": "ip-name",
            "region": "ap-south-1",
            "tags": {
              "Name": "kirancgwd-subnet-0"
            },
            "tags_all": {
              "Name": "kirancgwd-subnet-0"
            },
            "timeouts": null,
            "vpc_id": "vpc-0e8eb6097abd04d9a"
          },
          "sensitive_attributes": [],
          "private": "eyJlMmJmYjczMC1lY2FhLTExZTYtOGY4OC0zNDM2M2JjN2M0YzAiOnsiY3JlYXRlIjo2MDAwMDAwMDAwMDAsImRlbGV0ZSI6MTIwMDAwMDAwMDAwMH0sInNjaGVtYV92ZXJzaW9uIjoiMSJ9",
          "dependencies": [
            "aws_vpc.kirancgwd_vpc"
          ]
        },
        {
          "index_key": 1,
          "schema_version": 1,
          "attributes": {
            "arn": "arn:aws:ec2:ap-south-1:191080270117:subnet/subnet-0c296659dbdcbe320",
            "assign_ipv6_address_on_creation": false,
            "availability_zone": "ap-south-1b",
            "availability_zone_id": "aps1-az3",
            "cidr_block": "10.0.1.0/24",
            "customer_owned_ipv4_pool": "",
            "enable_dns64": false,
            "enable_lni_at_device_index": 0,
            "enable_resource_name_dns_a_record_on_launch": false,
            "enable_resource_name_dns_aaaa_record_on_launch": false,
            "id": "subnet-0c296659dbdcbe320",
            "ipv6_cidr_block": "",
            "ipv6_cidr_block_association_id": "",
            "ipv6_native": false,
            "map_customer_owned_ip_on_launch": false,
            "map_public_ip_on_launch": true,
            "outpost_arn": "",
            "owner_id": "191080270117",
            "private_dns_hostname_type_on_launch": "ip-name",
            "region": "ap-south-1",
            "tags": {
              "Name": "kirancgwd-subnet-1"
            },
            "tags_all": {
              "Name": "kirancgwd-subnet-1"
            },
            "timeouts": null,
            "vpc_id": "vpc-0e8eb6097abd04d9a"
          },
          "sensitive_attributes": [],
          "private": "eyJlMmJmYjczMC1lY2FhLTExZTYtOGY4OC0zNDM2M2JjN2M0YzAiOnsiY3JlYXRlIjo2MDAwMDAwMDAwMDAsImRlbGV0ZSI6MTIwMDAwMDAwMDAwMH0sInNjaGVtYV92ZXJzaW9uIjoiMSJ9",
          "dependencies": [
            "aws_vpc.kirancgwd_vpc"
          ]
        }
      ]
    },
    {
      "mode": "managed",
      "type": "aws_vpc",
      "name": "kirancgwd_vpc",
      "provider": "provider[\"registry.terraform.io/hashicorp/aws\"]",
      "instances": [
        {
          "schema_version": 1,
          "attributes": {
            "arn": "arn:aws:ec2:ap-south-1:191080270117:vpc/vpc-0e8eb6097abd04d9a",
            "assign_generated_ipv6_cidr_block": false,
            "cidr_block": "10.0.0.0/16",
            "default_network_acl_id": "acl-035e9859c69589bb9",
            "default_route_table_id": "rtb-0689be512b364a22e",
            "default_security_group_id": "sg-015faedb09e424318",
            "dhcp_options_id": "dopt-05432d9dfd61165e7",
            "enable_dns_hostnames": false,
            "enable_dns_support": true,
            "enable_network_address_usage_metrics": false,
            "id": "vpc-0e8eb6097abd04d9a",
            "instance_tenancy": "default",
            "ipv4_ipam_pool_id": null,
            "ipv4_netmask_length": null,
            "ipv6_association_id": "",
            "ipv6_cidr_block": "",
            "ipv6_cidr_block_network_border_group": "",
            "ipv6_ipam_pool_id": "",
            "ipv6_netmask_length": 0,
            "main_route_table_id": "rtb-0689be512b364a22e",
            "owner_id": "191080270117",
            "region": "ap-south-1",
            "tags": {
              "Name": "kirancgwd-vpc"
            },
            "tags_all": {
              "Name": "kirancgwd-vpc"
            }
          },
          "sensitive_attributes": [],
          "private": "eyJzY2hlbWFfdmVyc2lvbiI6IjEifQ=="
        }
      ]
    }
  ],
  "check_results": null
}
